Microsoft Visual Studio Solution File, Format Version 12.00
# Visual Studio Version 17
VisualStudioVersion = 17.5.2.0
MinimumVisualStudioVersion = 10.0.40219.1
Project("{FAE04EC0-301F-11D3-BF4B-00C04F79EFBC}") = "LizardMorph.MCP", "LizardMorph.MCP.csproj", "{FF2E8B67-D629-89C0-4E94-76CE078B16DA}"
EndProject
Global
	GlobalSection(SolutionConfigurationPlatforms) = preSolution
		Debug|x64 = Debug|x64
		Release|x64 = Release|x64
	EndGlobalSection
	GlobalSection(ProjectConfigurationPlatforms) = postSolution
		{FF2E8B67-D629-89C0-4E94-76CE078B16DA}.Debug|x64.ActiveCfg = Debug|x64
		{FF2E8B67-D629-89C0-4E94-76CE078B16DA}.Debug|x64.Build.0 = Debug|x64
		{FF2E8B67-D629-89C0-4E94-76CE078B16DA}.Release|x64.ActiveCfg = Release|x64
		{FF2E8B67-D629-89C0-4E94-76CE078B16DA}.Release|x64.Build.0 = Release|x64
	EndGlobalSection
	GlobalSection(SolutionProperties) = preSolution
		HideSolutionNode = FALSE
	EndGlobalSection
	GlobalSection(ExtensibilityGlobals) = postSolution
		SolutionGuid = {9F3FE766-F86C-410D-8391-B9BC2B15A399}
	EndGlobalSection
EndGlobal
